// !$*UTF8*$!
{
	archiveVersion = 1;
	classes = {
	};
	objectVersion = 55;
	objects = {

/* Begin PBXBuildFile section */
		BF31829C2840A37000F080CF /* AppDelegate.swift in Sources */ = {isa = PBXBuildFile; fileRef = BF31829B2840A37000F080CF /* AppDelegate.swift */; };
		BF31829E2840A37000F080CF /* SceneDelegate.swift in Sources */ = {isa = PBXBuildFile; fileRef = BF31829D2840A37000F080CF /* SceneDelegate.swift */; };
		BF3182A02840A37000F080CF /* ViewController.swift in Sources */ = {isa = PBXBuildFile; fileRef = BF31829F2840A37000F080CF /* ViewController.swift */; };
		BF3182A32840A37000F080CF /* Main.storyboard in Resources */ = {isa = PBXBuildFile; fileRef = BF3182A12840A37000F080CF /* Main.storyboard */; };
		BF3182A52840A37100F080CF /* Assets.xcassets in Resources */ = {isa = PBXBuildFile; fileRef = BF3182A42840A37100F080CF /* Assets.xcassets */; };
		BF3182A82840A37100F080CF /* LaunchScreen.storyboard in Resources */ = {isa = PBXBuildFile; fileRef = BF3182A62840A37100F080CF /* LaunchScreen.storyboard */; };
		BF3182B32840A37100F080CF /* aadTests.swift in Sources */ = {isa = PBXBuildFile; fileRef = BF3182B22840A37100F080CF /* aadTests.swift */; };
		BF3182BD2840A37100F080CF /* aadUITests.swift in Sources */ = {isa = PBXBuildFile; fileRef = BF3182BC2840A37100F080CF /* aadUITests.swift */; };
		BF3182BF2840A37100F080CF /* aadUITestsLaunchTests.swift in Sources */ = {isa = PBXBuildFile; fileRef = BF3182BE2840A37100F080CF /* aadUITestsLaunchTests.swift */; };
/* End PBXBuildFile section */

/* Begin PBXContainerItemProxy section */
		BF3182AF2840A37100F080CF /* PBXContainerItemProxy */ = {
			isa = PBXContainerItemProxy;
			containerPortal = BF3182902840A37000F080CF /* Project object */;
			proxyType = 1;
			remoteGlobalIDString = BF3182972840A37000F080CF;
			remoteInfo = aad;
		};
		BF3182B92840A37100F080CF /* PBXContainerItemProxy */ = {
			isa = PBXContainerItemProxy;
			containerPortal = BF3182902840A37000F080CF /* Project object */;
			proxyType = 1;
			remoteGlobalIDString = BF3182972840A37000F080CF;
			remoteInfo = aad;
		};
/* End PBXContainerItemProxy section */

/* Begin PBXFileReference section */
		BF3182982840A37000F080CF /* aad.app */ = {isa = PBXFileReference; explicitFileType = wrapper.application; includeInIndex = 0; path = aad.app; sourceTree = BUILT_PRODUCTS_DIR; };
		BF31829B2840A37000F080CF /* AppDelegate.swift */ = {isa = PBXFileReference; lastKnownFileType = sourcecode.swift; path = AppDelegate.swift; sourceTree = "<group>"; };
		BF31829D2840A37000F080CF /* SceneDelegate.swift */ = {isa = PBXFileReference; lastKnownFileType = sourcecode.swift; path = SceneDelegate.swift; sourceTree = "<group>"; };
		BF31829F2840A37000F080CF /* ViewController.swift */ = {isa = PBXFileReference; lastKnownFileType = sourcecode.swift; path = ViewController.swift; sourceTree = "<group>"; };
		BF3182A22840A37000F080CF /* Base */ = {isa = PBXFileReference; lastKnownFileType = file.storyboard; name = Base; path = Base.lproj/Main.storyboard; sourceTree = "<group>"; };
		BF3182A42840A37100F080CF /* Assets.xcassets */ = {isa = PBXFileReference; lastKnownFileType = folder.assetcatalog; path = Assets.xcassets; sourceTree = "<group>"; };
		BF3182A72840A37100F080CF /* Base */ = {isa = PBXFileReference; lastKnownFileType = file.storyboard; name = Base; path = Base.lproj/LaunchScreen.storyboard; sourceTree = "<group>"; };
		BF3182A92840A37100F080CF /* Info.plist */ = {isa = PBXFileReference; lastKnownFileType = text.plist.xml; path = Info.plist; sourceTree = "<group>"; };
		BF3182AE2840A37100F080CF /* aadTests.xctest */ = {isa = PBXFileReference; explicitFileType = wrapper.cfbundle; includeInIndex = 0; path = aadTests.xctest; sourceTree = BUILT_PRODUCTS_DIR; };
		BF3182B22840A37100F080CF /* aadTests.swift */ = {isa = PBXFileReference; lastKnownFileType = sourcecode.swift; path = aadTests.swift; sourceTree = "<group>"; };
		BF3182B82840A37100F080CF /* aadUITests.xctest */ = {isa = PBXFileReference; explicitFileType = wrapper.cfbundle; includeInIndex = 0; path = aadUITests.xctest; sourceTree = BUILT_PRODUCTS_DIR; };
		BF3182BC2840A37100F080CF /* aadUITests.swift */ = {isa = PBXFileReference; lastKnownFileType = sourcecode.swift; path = aadUITests.swift; sourceTree = "<group>"; };
		BF3182BE2840A37100F080CF /* aadUITestsLaunchTests.swift */ = {isa = PBXFileReference; lastKnownFileType = sourcecode.swift; path = aadUITestsLaunchTests.swift; sourceTree = "<group>"; };
/* End PBXFileReference section */

/* Begin PBXFrameworksBuildPhase section */
		BF3182952840A37000F080CF /* Frameworks */ = {
			isa = PBXFrameworksBuildPhase;
			buildActionMask = 2147483647;
			files = (
			);
			runOnlyForDeploymentPostprocessing = 0;
		};
		BF3182AB2840A37100F080CF /* Frameworks */ = {
			isa = PBXFrameworksBuildPhase;
			buildActionMask = 2147483647;
			files = (
			);
			runOnlyForDeploymentPostprocessing = 0;
		};
		BF3182B52840A37100F080CF /* Frameworks */ = {
			isa = PBXFrameworksBuildPhase;
			buildActionMask = 2147483647;
			files = (
			);
			runOnlyForDeploymentPostprocessing = 0;
		};
/* End PBXFrameworksBuildPhase section */

/* Begin PBXGroup section */
		BF31828F2840A37000F080CF = {
			isa = PBXGroup;
			children = (
				BF31829A2840A37000F080CF /* aad */,
				BF3182B12840A37100F080CF /* aadTests */,
				BF3182BB2840A37100F080CF /* aadUITests */,
				BF3182992840A37000F080CF /* Products */,
			);
			sourceTree = "<group>";
		};
		BF3182992840A37000F080CF /* Products */ = {
			isa = PBXGroup;
			children = (
				BF3182982840A37000F080CF /* aad.app */,
				BF3182AE2840A37100F080CF /* aadTests.xctest */,
				BF3182B82840A37100F080CF /* aadUITests.xctest */,
			);
			name = Products;
			sourceTree = "<group>";
		};
		BF31829A2840A37000F080CF /* aad */ = {
			isa = PBXGroup;
			children = (
				BF31829B2840A37000F080CF /* AppDelegate.swift */,
				BF31829D2840A37000F080CF /* SceneDelegate.swift */,
				BF31829F2840A37000F080CF /* ViewController.swift */,
				BF3182A12840A37000F080CF /* Main.storyboard */,
				BF3182A42840A37100F080CF /* Assets.xcassets */,
				BF3182A62840A37100F080CF /* LaunchScreen.storyboard */,
				BF3182A92840A37100F080CF /* Info.plist */,
			);
			path = aad;
			sourceTree = "<group>";
		};
		BF3182B12840A37100F080CF /* aadTests */ = {
			isa = PBXGroup;
			children = (
				BF3182B22840A37100F080CF /* aadTests.swift */,
			);
			path = aadTests;
			sourceTree = "<group>";
		};
		BF3182BB2840A37100F080CF /* aadUITests */ = {
			isa = PBXGroup;
			children = (
				BF3182BC2840A37100F080CF /* aadUITests.swift */,
				BF3182BE2840A37100F080CF /* aadUITestsLaunchTests.swift */,
			);
			path = aadUITests;
			sourceTree = "<group>";
		};
/* End PBXGroup section */

/* Begin PBXNativeTarget section */
		BF3182972840A37000F080CF /* aad */ = {
			isa = PBXNativeTarget;
			buildConfigurationList = BF3182C22840A37100F080CF /* Build configuration list for PBXNativeTarget "aad" */;
			buildPhases = (
				BF3182942840A37000F080CF /* Sources */,
				BF3182952840A37000F080CF /* Frameworks */,
				BF3182962840A37000F080CF /* Resources */,
			);
			buildRules = (
			);
			dependencies = (
			);
			name = aad;
			productName = aad;
			productReference = BF3182982840A37000F080CF /* aad.app */;
			productType = "com.apple.product-type.application";
		};
		BF3182AD2840A37100F080CF /* aadTests */ = {
			isa = PBXNativeTarget;
			buildConfigurationList = BF3182C52840A37100F080CF /* Build configuration list for PBXNativeTarget "aadTests" */;
			buildPhases = (
				BF3182AA2840A37100F080CF /* Sources */,
				BF3182AB2840A37100F080CF /* Frameworks */,
				BF3182AC2840A37100F080CF /* Resources */,
			);
			buildRules = (
			);
			dependencies = (
				BF3182B02840A37100F080CF /* PBXTargetDependency */,
			);
			name = aadTests;
			productName = aadTests;
			productReference = BF3182AE2840A37100F080CF /* aadTests.xctest */;
			productType = "com.apple.product-type.bundle.unit-test";
		};
		BF3182B72840A37100F080CF /* aadUITests */ = {
			isa = PBXNativeTarget;
			buildConfigurationList = BF3182C82840A37100F080CF /* Build configuration list for PBXNativeTarget "aadUITests" */;
			buildPhases = (
				BF3182B42840A37100F080CF /* Sources */,
				BF3182B52840A37100F080CF /* Frameworks */,
				BF3182B62840A37100F080CF /* Resources */,
			);
			buildRules = (
			);
			dependencies = (
				BF3182BA2840A37100F080CF /* PBXTargetDependency */,
			);
			name = aadUITests;
			productName = aadUITests;
			productReference = BF3182B82840A37100F080CF /* aadUITests.xctest */;
			productType = "com.apple.product-type.bundle.ui-testing";
		};
/* End PBXNativeTarget section */

/* Begin PBXProject section */
		BF3182902840A37000F080CF /* Project object */ = {
			isa = PBXProject;
			attributes = {
				BuildIndependentTargetsInParallel = 1;
				LastSwiftUpdateCheck = 1340;
				LastUpgradeCheck = 1340;
				TargetAttributes = {
					BF3182972840A37000F080CF = {
						CreatedOnToolsVersion = 13.4;
					};
					BF3182AD2840A37100F080CF = {
						CreatedOnToolsVersion = 13.4;
						TestTargetID = BF3182972840A37000F080CF;
					};
					BF3182B72840A37100F080CF = {
						CreatedOnToolsVersion = 13.4;
						TestTargetID = BF3182972840A37000F080CF;
					};
				};
			};
			buildConfigurationList = BF3182932840A37000F080CF /* Build configuration list for PBXProject "aad" */;
			compatibilityVersion = "Xcode 13.0";
			developmentRegion = en;
			hasScannedForEncodings = 0;
			knownRegions = (
				en,
				Base,
			);
			mainGroup = BF31828F2840A37000F080CF;
			productRefGroup = BF3182992840A37000F080CF /* Products */;
			projectDirPath = "";
			projectRoot = "";
			targets = (
				BF3182972840A37000F080CF /* aad */,
				BF3182AD2840A37100F080CF /* aadTests */,
				BF3182B72840A37100F080CF /* aadUITests */,
			);
		};
/* End PBXProject section */

/* Begin PBXResourcesBuildPhase section */
		BF3182962840A37000F080CF /* Resources */ = {
			isa = PBXResourcesBuildPhase;
			buildActionMask = 2147483647;
			files = (
				BF3182A82840A37100F080CF /* LaunchScreen.storyboard in Resources */,
				BF3182A52840A37100F080CF /* Assets.xcassets in Resources */,
				BF3182A32840A37000F080CF /* Main.storyboard in Resources */,
			);
			runOnlyForDeploymentPostprocessing = 0;
		};
		BF3182AC2840A37100F080CF /* Resources */ = {
			isa = PBXResourcesBuildPhase;
			buildActionMask = 2147483647;
			files = (
			);
			runOnlyForDeploymentPostprocessing = 0;
		};
		BF3182B62840A37100F080CF /* Resources */ = {
			isa = PBXResourcesBuildPhase;
			buildActionMask = 2147483647;
			files = (
			);
			runOnlyForDeploymentPostprocessing = 0;
		};
/* End PBXResourcesBuildPhase section */

/* Begin PBXSourcesBuildPhase section */
		BF3182942840A37000F080CF /* Sources */ = {
			isa = PBXSourcesBuildPhase;
			buildActionMask = 2147483647;
			files = (
				BF3182A02840A37000F080CF /* ViewController.swift in Sources */,
				BF31829C2840A37000F080CF /* AppDelegate.swift in Sources */,
				BF31829E2840A37000F080CF /* SceneDelegate.swift in Sources */,
			);
			runOnlyForDeploymentPostprocessing = 0;
		};
		BF3182AA2840A37100F080CF /* Sources */ = {
			isa = PBXSourcesBuildPhase;
			buildActionMask = 2147483647;
			files = (
				BF3182B32840A37100F080CF /* aadTests.swift in Sources */,
			);
			runOnlyForDeploymentPostprocessing = 0;
		};
		BF3182B42840A37100F080CF /* Sources */ = {
			isa = PBXSourcesBuildPhase;
			buildActionMask = 2147483647;
			files = (
				BF3182BD2840A37100F080CF /* aadUITests.swift in Sources */,
				BF3182BF2840A37100F080CF /* aadUITestsLaunchTests.swift in Sources */,
			);
			runOnlyForDeploymentPostprocessing = 0;
		};
/* End PBXSourcesBuildPhase section */

/* Begin PBXTargetDependency section */
		BF3182B02840A37100F080CF /* PBXTargetDependency */ = {
			isa = PBXTargetDependency;
			target = BF3182972840A37000F080CF /* aad */;
			targetProxy = BF3182AF2840A37100F080CF /* PBXContainerItemProxy */;
		};
		BF3182BA2840A37100F080CF /* PBXTargetDependency */ = {
			isa = PBXTargetDependency;
			target = BF3182972840A37000F080CF /* aad */;
			targetProxy = BF3182B92840A37100F080CF /* PBXContainerItemProxy */;
		};
/* End PBXTargetDependency section */

/* Begin PBXVariantGroup section */
		BF3182A12840A37000F080CF /* Main.storyboard */ = {
			isa = PBXVariantGroup;
			children = (
				BF3182A22840A37000F080CF /* Base */,
			);
			name = Main.storyboard;
			sourceTree = "<group>";
		};
		BF3182A62840A37100F080CF /* LaunchScreen.storyboard */ = {
			isa = PBXVariantGroup;
			children = (
				BF3182A72840A37100F080CF /* Base */,
			);
			name = LaunchScreen.storyboard;
			sourceTree = "<group>";
		};
/* End PBXVariantGroup section */

/* Begin XCBuildConfiguration section */
		BF3182C02840A37100F080CF /* Debug */ = {
			isa = XCBuildConfiguration;
			buildSettings = {
				ALWAYS_SEARCH_USER_PATHS = NO;
				CLANG_ANALYZER_NONNULL = YES;
				CLANG_ANALYZER_NUMBER_OBJECT_CONVERSION = YES_AGGRESSIVE;
				CLANG_CXX_LANGUAGE_STANDARD = "gnu++17";
				CLANG_ENABLE_MODULES = YES;
				CLANG_ENABLE_OBJC_ARC = YES;
				CLANG_ENABLE_OBJC_WEAK = YES;
				CLANG_WARN_BLOCK_CAPTURE_AUTORELEASING = YES;
				CLANG_WARN_BOOL_CONVERSION = YES;
				CLANG_WARN_COMMA = YES;
				CLANG_WARN_CONSTANT_CONVERSION = YES;
				CLANG_WARN_DEPRECATED_OBJC_IMPLEMENTATIONS = YES;
				CLANG_WARN_DIRECT_OBJC_ISA_USAGE = YES_ERROR;
				CLANG_WARN_DOCUMENTATION_COMMENTS = YES;
				CLANG_WARN_EMPTY_BODY = YES;
				CLANG_WARN_ENUM_CONVERSION = YES;
				CLANG_WARN_INFINITE_RECURSION = YES;
				CLANG_WARN_INT_CONVERSION = YES;
				CLANG_WARN_NON_LITERAL_NULL_CONVERSION = YES;
				CLANG_WARN_OBJC_IMPLICIT_RETAIN_SELF = YES;
				CLANG_WARN_OBJC_LITERAL_CONVERSION = YES;
				CLANG_WARN_OBJC_ROOT_CLASS = YES_ERROR;
				CLANG_WARN_QUOTED_INCLUDE_IN_FRAMEWORK_HEADER = YES;
				CLANG_WARN_RANGE_LOOP_ANALYSIS = YES;
				CLANG_WARN_STRICT_PROTOTYPES = YES;
				CLANG_WARN_SUSPICIOUS_MOVE = YES;
				CLANG_WARN_UNGUARDED_AVAILABILITY = YES_AGGRESSIVE;
				CLANG_WARN_UNREACHABLE_CODE = YES;
				CLANG_WARN__DUPLICATE_METHOD_MATCH = YES;
				COPY_PHASE_STRIP = NO;
				DEBUG_INFORMATION_FORMAT = dwarf;
				ENABLE_STRICT_OBJC_MSGSEND = YES;
				ENABLE_TESTABILITY = YES;
				GCC_C_LANGUAGE_STANDARD = gnu11;
				GCC_DYNAMIC_NO_PIC = NO;
				GCC_NO_COMMON_BLOCKS = YES;
				GCC_OPTIMIZATION_LEVEL = 0;
				GCC_PREPROCESSOR_DEFINITIONS = (
					"DEBUG=1",
					"$(inherited)",
				);
				GCC_WARN_64_TO_32_BIT_CONVERSION = YES;
				GCC_WARN_ABOUT_RETURN_TYPE = YES_ERROR;
				GCC_WARN_UNDECLARED_SELECTOR = YES;
				GCC_WARN_UNINITIALIZED_AUTOS = YES_AGGRESSIVE;
				GCC_WARN_UNUSED_FUNCTION = YES;
				GCC_WARN_UNUSED_VARIABLE = YES;
				IPHONEOS_DEPLOYMENT_TARGET = 15.5;
				MTL_ENABLE_DEBUG_INFO = INCLUDE_SOURCE;
				MTL_FAST_MATH = YES;
				ONLY_ACTIVE_ARCH = YES;
				SDKROOT = iphoneos;
				SWIFT_ACTIVE_COMPILATION_CONDITIONS = DEBUG;
				SWIFT_OPTIMIZATION_LEVEL = "-Onone";
			};
			name = Debug;
		};
		BF3182C12840A37100F080CF /* Release */ = {
			isa = XCBuildConfiguration;
			buildSettings = {
				ALWAYS_SEARCH_USER_PATHS = NO;
				CLANG_ANALYZER_NONNULL = YES;
				CLANG_ANALYZER_NUMBER_OBJECT_CONVERSION = YES_AGGRESSIVE;
				CLANG_CXX_LANGUAGE_STANDARD = "gnu++17";
				CLANG_ENABLE_MODULES = YES;
				CLANG_ENABLE_OBJC_ARC = YES;
				CLANG_ENABLE_OBJC_WEAK = YES;
				CLANG_WARN_BLOCK_CAPTURE_AUTORELEASING = YES;
				CLANG_WARN_BOOL_CONVERSION = YES;
				CLANG_WARN_COMMA = YES;
				CLANG_WARN_CONSTANT_CONVERSION = YES;
				CLANG_WARN_DEPRECATED_OBJC_IMPLEMENTATIONS = YES;
				CLANG_WARN_DIRECT_OBJC_ISA_USAGE = YES_ERROR;
				CLANG_WARN_DOCUMENTATION_COMMENTS = YES;
				CLANG_WARN_EMPTY_BODY = YES;
				CLANG_WARN_ENUM_CONVERSION = YES;
				CLANG_WARN_INFINITE_RECURSION = YES;
				CLANG_WARN_INT_CONVERSION = YES;
				CLANG_WARN_NON_LITERAL_NULL_CONVERSION = YES;
				CLANG_WARN_OBJC_IMPLICIT_RETAIN_SELF = YES;
				CLANG_WARN_OBJC_LITERAL_CONVERSION = YES;
				CLANG_WARN_OBJC_ROOT_CLASS = YES_ERROR;
				CLANG_WARN_QUOTED_INCLUDE_IN_FRAMEWORK_HEADER = YES;
				CLANG_WARN_RANGE_LOOP_ANALYSIS = YES;
				CLANG_WARN_STRICT_PROTOTYPES = YES;
				CLANG_WARN_SUSPICIOUS_MOVE = YES;
				CLANG_WARN_UNGUARDED_AVAILABILITY = YES_AGGRESSIVE;
				CLANG_WARN_UNREACHABLE_CODE = YES;
				CLANG_WARN__DUPLICATE_METHOD_MATCH = YES;
				COPY_PHASE_STRIP = NO;
				DEBUG_INFORMATION_FORMAT = "dwarf-with-dsym";
				ENABLE_NS_ASSERTIONS = NO;
				ENABLE_STRICT_OBJC_MSGSEND = YES;
				GCC_C_LANGUAGE_STANDARD = gnu11;
				GCC_NO_COMMON_BLOCKS = YES;
				GCC_WARN_64_TO_32_BIT_CONVERSION = YES;
				GCC_WARN_ABOUT_RETURN_TYPE = YES_ERROR;
				GCC_WARN_UNDECLARED_SELECTOR = YES;
				GCC_WARN_UNINITIALIZED_AUTOS = YES_AGGRESSIVE;
				GCC_WARN_UNUSED_FUNCTION = YES;
				GCC_WARN_UNUSED_VARIABLE = YES;
				IPHONEOS_DEPLOYMENT_TARGET = 15.5;
				MTL_ENABLE_DEBUG_INFO = NO;
				MTL_FAST_MATH = YES;
				SDKROOT = iphoneos;
				SWIFT_COMPILATION_MODE = wholemodule;
				SWIFT_OPTIMIZATION_LEVEL = "-O";
				VALIDATE_PRODUCT = YES;
			};
			name = Release;
		};
		BF3182C32840A37100F080CF /* Debug */ = {
			isa = XCBuildConfiguration;
			buildSettings = {
				ASSETCATALOG_COMPILER_APPICON_NAME = AppIcon;
				ASSETCATALOG_COMPILER_GLOBAL_ACCENT_COLOR_NAME = AccentColor;
				CODE_SIGN_STYLE = Automatic;
				CURRENT_PROJECT_VERSION = 1;
				DEVELOPMENT_TEAM = 8L5M854C66;
				GENERATE_INFOPLIST_FILE = YES;
				INFOPLIST_FILE = aad/Info.plist;
				INFOPLIST_KEY_UIApplicationSupportsIndirectInputEvents = YES;
				INFOPLIST_KEY_UILaunchStoryboardName = LaunchScreen;
				INFOPLIST_KEY_UIMainStoryboardFile = Main;
				INFOPLIST_KEY_UISupportedInterfaceOrientations_iPad = "UIInterfaceOrientationPortrait UIInterfaceOrientationPortraitUpsideDown UIInterfaceOrientationLandscapeLeft UIInterfaceOrientationLandscapeRight";
				INFOPLIST_KEY_UISupportedInterfaceOrientations_iPhone = "UIInterfaceOrientationPortrait UIInterfaceOrientationLandscapeLeft UIInterfaceOrientationLandscapeRight";
				LD_RUNPATH_SEARCH_PATHS = (
					"$(inherited)",
					"@executable_path/Frameworks",
				);
				MARKETING_VERSION = 1.0;
				PRODUCT_BUNDLE_IDENTIFIER = ramjunThunder.aad;
				PRODUCT_NAME = "$(TARGET_NAME)";
				SWIFT_EMIT_LOC_STRINGS = YES;
				SWIFT_VERSION = 5.0;
				TARGETED_DEVICE_FAMILY = "1,2";
			};
			name = Debug;
		};
		BF3182C42840A37100F080CF /* Release */ = {
			isa = XCBuildConfiguration;
			buildSettings = {
				ASSETCATALOG_COMPILER_APPICON_NAME = AppIcon;
				ASSETCATALOG_COMPILER_GLOBAL_ACCENT_COLOR_NAME = AccentColor;
				CODE_SIGN_STYLE = Automatic;
				CURRENT_PROJECT_VERSION = 1;
				DEVELOPMENT_TEAM = 8L5M854C66;
				GENERATE_INFOPLIST_FILE = YES;
				INFOPLIST_FILE = aad/Info.plist;
				INFOPLIST_KEY_UIApplicationSupportsIndirectInputEvents = YES;
				INFOPLIST_KEY_UILaunchStoryboardName = LaunchScreen;
				INFOPLIST_KEY_UIMainStoryboardFile = Main;
				INFOPLIST_KEY_UISupportedInterfaceOrientations_iPad = "UIInterfaceOrientationPortrait UIInterfaceOrientationPortraitUpsideDown UIInterfaceOrientationLandscapeLeft UIInterfaceOrientationLandscapeRight";
				INFOPLIST_KEY_UISupportedInterfaceOrientations_iPhone = "UIInterfaceOrientationPortrait UIInterfaceOrientationLandscapeLeft UIInterfaceOrientationLandscapeRight";
				LD_RUNPATH_SEARCH_PATHS = (
					"$(inherited)",
					"@executable_path/Frameworks",
				);
				MARKETING_VERSION = 1.0;
				PRODUCT_BUNDLE_IDENTIFIER = ramjunThunder.aad;
				PRODUCT_NAME = "$(TARGET_NAME)";
				SWIFT_EMIT_LOC_STRINGS = YES;
				SWIFT_VERSION = 5.0;
				TARGETED_DEVICE_FAMILY = "1,2";
			};
			name = Release;
		};
		BF3182C62840A37100F080CF /* Debug */ = {
			isa = XCBuildConfiguration;
			buildSettings = {
				ALWAYS_EMBED_SWIFT_STANDARD_LIBRARIES = YES;
				BUNDLE_LOADER = "$(TEST_HOST)";
				CODE_SIGN_STYLE = Automatic;
				CURRENT_PROJECT_VERSION = 1;
				DEVELOPMENT_TEAM = 8L5M854C66;
				GENERATE_INFOPLIST_FILE = YES;
				IPHONEOS_DEPLOYMENT_TARGET = 15.5;
				MARKETING_VERSION = 1.0;
				PRODUCT_BUNDLE_IDENTIFIER = ramjunThunder.aadTests;
				PRODUCT_NAME = "$(TARGET_NAME)";
				SWIFT_EMIT_LOC_STRINGS = NO;
				SWIFT_VERSION = 5.0;
				TARGETED_DEVICE_FAMILY = "1,2";
				TEST_HOST = "$(BUILT_PRODUCTS_DIR)/aad.app/aad";
			};
			name = Debug;
		};
		BF3182C72840A37100F080CF /* Release */ = {
			isa = XCBuildConfiguration;
			buildSettings = {
				ALWAYS_EMBED_SWIFT_STANDARD_LIBRARIES = YES;
				BUNDLE_LOADER = "$(TEST_HOST)";
				CODE_SIGN_STYLE = Automatic;
				CURRENT_PROJECT_VERSION = 1;
				DEVELOPMENT_TEAM = 8L5M854C66;
				GENERATE_INFOPLIST_FILE = YES;
				IPHONEOS_DEPLOYMENT_TARGET = 15.5;
				MARKETING_VERSION = 1.0;
				PRODUCT_BUNDLE_IDENTIFIER = ramjunThunder.aadTests;
				PRODUCT_NAME = "$(TARGET_NAME)";
				SWIFT_EMIT_LOC_STRINGS = NO;
				SWIFT_VERSION = 5.0;
				TARGETED_DEVICE_FAMILY = "1,2";
				TEST_HOST = "$(BUILT_PRODUCTS_DIR)/aad.app/aad";
			};
			name = Release;
		};
		BF3182C92840A37100F080CF /* Debug */ = {
			isa = XCBuildConfiguration;
			buildSettings = {
				ALWAYS_EMBED_SWIFT_STANDARD_LIBRARIES = YES;
				CODE_SIGN_STYLE = Automatic;
				CURRENT_PROJECT_VERSION = 1;
				DEVELOPMENT_TEAM = 8L5M854C66;
				GENERATE_INFOPLIST_FILE = YES;
				MARKETING_VERSION = 1.0;
				PRODUCT_BUNDLE_IDENTIFIER = ramjunThunder.aadUITests;
				PRODUCT_NAME = "$(TARGET_NAME)";
				SWIFT_EMIT_LOC_STRINGS = NO;
				SWIFT_VERSION = 5.0;
				TARGETED_DEVICE_FAMILY = "1,2";
				TEST_TARGET_NAME = aad;
			};
			name = Debug;
		};
		BF3182CA2840A37100F080CF /* Release */ = {
			isa = XCBuildConfiguration;
			buildSettings = {
				ALWAYS_EMBED_SWIFT_STANDARD_LIBRARIES = YES;
				CODE_SIGN_STYLE = Automatic;
				CURRENT_PROJECT_VERSION = 1;
				DEVELOPMENT_TEAM = 8L5M854C66;
				GENERATE_INFOPLIST_FILE = YES;
				MARKETING_VERSION = 1.0;
				PRODUCT_BUNDLE_IDENTIFIER = ramjunThunder.aadUITests;
				PRODUCT_NAME = "$(TARGET_NAME)";
				SWIFT_EMIT_LOC_STRINGS = NO;
				SWIFT_VERSION = 5.0;
				TARGETED_DEVICE_FAMILY = "1,2";
				TEST_TARGET_NAME = aad;
			};
			name = Release;
		};
/* End XCBuildConfiguration section */

/* Begin XCConfigurationList section */
		BF3182932840A37000F080CF /* Build configuration list for PBXProject "aad" */ = {
			isa = XCConfigurationList;
			buildConfigurations = (
				BF3182C02840A37100F080CF /* Debug */,
				BF3182C12840A37100F080CF /* Release */,
			);
			defaultConfigurationIsVisible = 0;
			defaultConfigurationName = Release;
		};
		BF3182C22840A37100F080CF /* Build configuration list for PBXNativeTarget "aad" */ = {
			isa = XCConfigurationList;
			buildConfigurations = (
				BF3182C32840A37100F080CF /* Debug */,
				BF3182C42840A37100F080CF /* Release */,
			);
			defaultConfigurationIsVisible = 0;
			defaultConfigurationName = Release;
		};
		BF3182C52840A37100F080CF /* Build configuration list for PBXNativeTarget "aadTests" */ = {
			isa = XCConfigurationList;
			buildConfigurations = (
				BF3182C62840A37100F080CF /* Debug */,
				BF3182C72840A37100F080CF /* Release */,
			);
			defaultConfigurationIsVisible = 0;
			defaultConfigurationName = Release;
		};
		BF3182C82840A37100F080CF /* Build configuration list for PBXNativeTarget "aadUITests" */ = {
			isa = XCConfigurationList;
			buildConfigurations = (
				BF3182C92840A37100F080CF /* Debug */,
				BF3182CA2840A37100F080CF /* Release */,
			);
			defaultConfigurationIsVisible = 0;
			defaultConfigurationName = Release;
		};
/* End XCConfigurationList section */
	};
	rootObject = BF3182902840A37000F080CF /* Project object */;
}
