// !$*UTF8*$!
{
	archiveVersion = 1;
	classes = {
	};
	objectVersion = 55;
	objects = {

/* Begin PBXBuildFile section */
		BFFADE56283CA10B00DE1443 /* AppDelegate.swift in Sources */ = {isa = PBXBuildFile; fileRef = BFFADE55283CA10B00DE1443 /* AppDelegate.swift */; };
		BFFADE58283CA10B00DE1443 /* SceneDelegate.swift in Sources */ = {isa = PBXBuildFile; fileRef = BFFADE57283CA10B00DE1443 /* SceneDelegate.swift */; };
		BFFADE5A283CA10B00DE1443 /* ViewController.swift in Sources */ = {isa = PBXBuildFile; fileRef = BFFADE59283CA10B00DE1443 /* ViewController.swift */; };
		BFFADE5D283CA10B00DE1443 /* Main.storyboard in Resources */ = {isa = PBXBuildFile; fileRef = BFFADE5B283CA10B00DE1443 /* Main.storyboard */; };
		BFFADE5F283CA10C00DE1443 /* Assets.xcassets in Resources */ = {isa = PBXBuildFile; fileRef = BFFADE5E283CA10C00DE1443 /* Assets.xcassets */; };
		BFFADE62283CA10C00DE1443 /* LaunchScreen.storyboard in Resources */ = {isa = PBXBuildFile; fileRef = BFFADE60283CA10C00DE1443 /* LaunchScreen.storyboard */; };
		BFFADE6D283CA10C00DE1443 /* OddEvenGameTests.swift in Sources */ = {isa = PBXBuildFile; fileRef = BFFADE6C283CA10C00DE1443 /* OddEvenGameTests.swift */; };
		BFFADE77283CA10C00DE1443 /* OddEvenGameUITests.swift in Sources */ = {isa = PBXBuildFile; fileRef = BFFADE76283CA10C00DE1443 /* OddEvenGameUITests.swift */; };
		BFFADE79283CA10C00DE1443 /* OddEvenGameUITestsLaunchTests.swift in Sources */ = {isa = PBXBuildFile; fileRef = BFFADE78283CA10C00DE1443 /* OddEvenGameUITestsLaunchTests.swift */; };
/* End PBXBuildFile section */

/* Begin PBXContainerItemProxy section */
		BFFADE69283CA10C00DE1443 /* PBXContainerItemProxy */ = {
			isa = PBXContainerItemProxy;
			containerPortal = BFFADE4A283CA10B00DE1443 /* Project object */;
			proxyType = 1;
			remoteGlobalIDString = BFFADE51283CA10B00DE1443;
			remoteInfo = OddEvenGame;
		};
		BFFADE73283CA10C00DE1443 /* PBXContainerItemProxy */ = {
			isa = PBXContainerItemProxy;
			containerPortal = BFFADE4A283CA10B00DE1443 /* Project object */;
			proxyType = 1;
			remoteGlobalIDString = BFFADE51283CA10B00DE1443;
			remoteInfo = OddEvenGame;
		};
/* End PBXContainerItemProxy section */

/* Begin PBXFileReference section */
		BFFADE52283CA10B00DE1443 /* OddEvenGame.app */ = {isa = PBXFileReference; explicitFileType = wrapper.application; includeInIndex = 0; path = OddEvenGame.app; sourceTree = BUILT_PRODUCTS_DIR; };
		BFFADE55283CA10B00DE1443 /* AppDelegate.swift */ = {isa = PBXFileReference; lastKnownFileType = sourcecode.swift; path = AppDelegate.swift; sourceTree = "<group>"; };
		BFFADE57283CA10B00DE1443 /* SceneDelegate.swift */ = {isa = PBXFileReference; lastKnownFileType = sourcecode.swift; path = SceneDelegate.swift; sourceTree = "<group>"; };
		BFFADE59283CA10B00DE1443 /* ViewController.swift */ = {isa = PBXFileReference; lastKnownFileType = sourcecode.swift; path = ViewController.swift; sourceTree = "<group>"; };
		BFFADE5C283CA10B00DE1443 /* Base */ = {isa = PBXFileReference; lastKnownFileType = file.storyboard; name = Base; path = Base.lproj/Main.storyboard; sourceTree = "<group>"; };
		BFFADE5E283CA10C00DE1443 /* Assets.xcassets */ = {isa = PBXFileReference; lastKnownFileType = folder.assetcatalog; path = Assets.xcassets; sourceTree = "<group>"; };
		BFFADE61283CA10C00DE1443 /* Base */ = {isa = PBXFileReference; lastKnownFileType = file.storyboard; name = Base; path = Base.lproj/LaunchScreen.storyboard; sourceTree = "<group>"; };
		BFFADE63283CA10C00DE1443 /* Info.plist */ = {isa = PBXFileReference; lastKnownFileType = text.plist.xml; path = Info.plist; sourceTree = "<group>"; };
		BFFADE68283CA10C00DE1443 /* OddEvenGameTests.xctest */ = {isa = PBXFileReference; explicitFileType = wrapper.cfbundle; includeInIndex = 0; path = OddEvenGameTests.xctest; sourceTree = BUILT_PRODUCTS_DIR; };
		BFFADE6C283CA10C00DE1443 /* OddEvenGameTests.swift */ = {isa = PBXFileReference; lastKnownFileType = sourcecode.swift; path = OddEvenGameTests.swift; sourceTree = "<group>"; };
		BFFADE72283CA10C00DE1443 /* OddEvenGameUITests.xctest */ = {isa = PBXFileReference; explicitFileType = wrapper.cfbundle; includeInIndex = 0; path = OddEvenGameUITests.xctest; sourceTree = BUILT_PRODUCTS_DIR; };
		BFFADE76283CA10C00DE1443 /* OddEvenGameUITests.swift */ = {isa = PBXFileReference; lastKnownFileType = sourcecode.swift; path = OddEvenGameUITests.swift; sourceTree = "<group>"; };
		BFFADE78283CA10C00DE1443 /* OddEvenGameUITestsLaunchTests.swift */ = {isa = PBXFileReference; lastKnownFileType = sourcecode.swift; path = OddEvenGameUITestsLaunchTests.swift; sourceTree = "<group>"; };
/* End PBXFileReference section */

/* Begin PBXFrameworksBuildPhase section */
		BFFADE4F283CA10B00DE1443 /* Frameworks */ = {
			isa = PBXFrameworksBuildPhase;
			buildActionMask = 2147483647;
			files = (
			);
			runOnlyForDeploymentPostprocessing = 0;
		};
		BFFADE65283CA10C00DE1443 /* Frameworks */ = {
			isa = PBXFrameworksBuildPhase;
			buildActionMask = 2147483647;
			files = (
			);
			runOnlyForDeploymentPostprocessing = 0;
		};
		BFFADE6F283CA10C00DE1443 /* Frameworks */ = {
			isa = PBXFrameworksBuildPhase;
			buildActionMask = 2147483647;
			files = (
			);
			runOnlyForDeploymentPostprocessing = 0;
		};
/* End PBXFrameworksBuildPhase section */

/* Begin PBXGroup section */
		BFFADE49283CA10B00DE1443 = {
			isa = PBXGroup;
			children = (
				BFFADE54283CA10B00DE1443 /* OddEvenGame */,
				BFFADE6B283CA10C00DE1443 /* OddEvenGameTests */,
				BFFADE75283CA10C00DE1443 /* OddEvenGameUITests */,
				BFFADE53283CA10B00DE1443 /* Products */,
			);
			sourceTree = "<group>";
		};
		BFFADE53283CA10B00DE1443 /* Products */ = {
			isa = PBXGroup;
			children = (
				BFFADE52283CA10B00DE1443 /* OddEvenGame.app */,
				BFFADE68283CA10C00DE1443 /* OddEvenGameTests.xctest */,
				BFFADE72283CA10C00DE1443 /* OddEvenGameUITests.xctest */,
			);
			name = Products;
			sourceTree = "<group>";
		};
		BFFADE54283CA10B00DE1443 /* OddEvenGame */ = {
			isa = PBXGroup;
			children = (
				BFFADE55283CA10B00DE1443 /* AppDelegate.swift */,
				BFFADE57283CA10B00DE1443 /* SceneDelegate.swift */,
				BFFADE59283CA10B00DE1443 /* ViewController.swift */,
				BFFADE5B283CA10B00DE1443 /* Main.storyboard */,
				BFFADE5E283CA10C00DE1443 /* Assets.xcassets */,
				BFFADE60283CA10C00DE1443 /* LaunchScreen.storyboard */,
				BFFADE63283CA10C00DE1443 /* Info.plist */,
			);
			path = OddEvenGame;
			sourceTree = "<group>";
		};
		BFFADE6B283CA10C00DE1443 /* OddEvenGameTests */ = {
			isa = PBXGroup;
			children = (
				BFFADE6C283CA10C00DE1443 /* OddEvenGameTests.swift */,
			);
			path = OddEvenGameTests;
			sourceTree = "<group>";
		};
		BFFADE75283CA10C00DE1443 /* OddEvenGameUITests */ = {
			isa = PBXGroup;
			children = (
				BFFADE76283CA10C00DE1443 /* OddEvenGameUITests.swift */,
				BFFADE78283CA10C00DE1443 /* OddEvenGameUITestsLaunchTests.swift */,
			);
			path = OddEvenGameUITests;
			sourceTree = "<group>";
		};
/* End PBXGroup section */

/* Begin PBXNativeTarget section */
		BFFADE51283CA10B00DE1443 /* OddEvenGame */ = {
			isa = PBXNativeTarget;
			buildConfigurationList = BFFADE7C283CA10C00DE1443 /* Build configuration list for PBXNativeTarget "OddEvenGame" */;
			buildPhases = (
				BFFADE4E283CA10B00DE1443 /* Sources */,
				BFFADE4F283CA10B00DE1443 /* Frameworks */,
				BFFADE50283CA10B00DE1443 /* Resources */,
			);
			buildRules = (
			);
			dependencies = (
			);
			name = OddEvenGame;
			productName = OddEvenGame;
			productReference = BFFADE52283CA10B00DE1443 /* OddEvenGame.app */;
			productType = "com.apple.product-type.application";
		};
		BFFADE67283CA10C00DE1443 /* OddEvenGameTests */ = {
			isa = PBXNativeTarget;
			buildConfigurationList = BFFADE7F283CA10C00DE1443 /* Build configuration list for PBXNativeTarget "OddEvenGameTests" */;
			buildPhases = (
				BFFADE64283CA10C00DE1443 /* Sources */,
				BFFADE65283CA10C00DE1443 /* Frameworks */,
				BFFADE66283CA10C00DE1443 /* Resources */,
			);
			buildRules = (
			);
			dependencies = (
				BFFADE6A283CA10C00DE1443 /* PBXTargetDependency */,
			);
			name = OddEvenGameTests;
			productName = OddEvenGameTests;
			productReference = BFFADE68283CA10C00DE1443 /* OddEvenGameTests.xctest */;
			productType = "com.apple.product-type.bundle.unit-test";
		};
		BFFADE71283CA10C00DE1443 /* OddEvenGameUITests */ = {
			isa = PBXNativeTarget;
			buildConfigurationList = BFFADE82283CA10C00DE1443 /* Build configuration list for PBXNativeTarget "OddEvenGameUITests" */;
			buildPhases = (
				BFFADE6E283CA10C00DE1443 /* Sources */,
				BFFADE6F283CA10C00DE1443 /* Frameworks */,
				BFFADE70283CA10C00DE1443 /* Resources */,
			);
			buildRules = (
			);
			dependencies = (
				BFFADE74283CA10C00DE1443 /* PBXTargetDependency */,
			);
			name = OddEvenGameUITests;
			productName = OddEvenGameUITests;
			productReference = BFFADE72283CA10C00DE1443 /* OddEvenGameUITests.xctest */;
			productType = "com.apple.product-type.bundle.ui-testing";
		};
/* End PBXNativeTarget section */

/* Begin PBXProject section */
		BFFADE4A283CA10B00DE1443 /* Project object */ = {
			isa = PBXProject;
			attributes = {
				BuildIndependentTargetsInParallel = 1;
				LastSwiftUpdateCheck = 1340;
				LastUpgradeCheck = 1340;
				TargetAttributes = {
					BFFADE51283CA10B00DE1443 = {
						CreatedOnToolsVersion = 13.4;
					};
					BFFADE67283CA10C00DE1443 = {
						CreatedOnToolsVersion = 13.4;
						TestTargetID = BFFADE51283CA10B00DE1443;
					};
					BFFADE71283CA10C00DE1443 = {
						CreatedOnToolsVersion = 13.4;
						TestTargetID = BFFADE51283CA10B00DE1443;
					};
				};
			};
			buildConfigurationList = BFFADE4D283CA10B00DE1443 /* Build configuration list for PBXProject "OddEvenGame" */;
			compatibilityVersion = "Xcode 13.0";
			developmentRegion = en;
			hasScannedForEncodings = 0;
			knownRegions = (
				en,
				Base,
			);
			mainGroup = BFFADE49283CA10B00DE1443;
			productRefGroup = BFFADE53283CA10B00DE1443 /* Products */;
			projectDirPath = "";
			projectRoot = "";
			targets = (
				BFFADE51283CA10B00DE1443 /* OddEvenGame */,
				BFFADE67283CA10C00DE1443 /* OddEvenGameTests */,
				BFFADE71283CA10C00DE1443 /* OddEvenGameUITests */,
			);
		};
/* End PBXProject section */

/* Begin PBXResourcesBuildPhase section */
		BFFADE50283CA10B00DE1443 /* Resources */ = {
			isa = PBXResourcesBuildPhase;
			buildActionMask = 2147483647;
			files = (
				BFFADE62283CA10C00DE1443 /* LaunchScreen.storyboard in Resources */,
				BFFADE5F283CA10C00DE1443 /* Assets.xcassets in Resources */,
				BFFADE5D283CA10B00DE1443 /* Main.storyboard in Resources */,
			);
			runOnlyForDeploymentPostprocessing = 0;
		};
		BFFADE66283CA10C00DE1443 /* Resources */ = {
			isa = PBXResourcesBuildPhase;
			buildActionMask = 2147483647;
			files = (
			);
			runOnlyForDeploymentPostprocessing = 0;
		};
		BFFADE70283CA10C00DE1443 /* Resources */ = {
			isa = PBXResourcesBuildPhase;
			buildActionMask = 2147483647;
			files = (
			);
			runOnlyForDeploymentPostprocessing = 0;
		};
/* End PBXResourcesBuildPhase section */

/* Begin PBXSourcesBuildPhase section */
		BFFADE4E283CA10B00DE1443 /* Sources */ = {
			isa = PBXSourcesBuildPhase;
			buildActionMask = 2147483647;
			files = (
				BFFADE5A283CA10B00DE1443 /* ViewController.swift in Sources */,
				BFFADE56283CA10B00DE1443 /* AppDelegate.swift in Sources */,
				BFFADE58283CA10B00DE1443 /* SceneDelegate.swift in Sources */,
			);
			runOnlyForDeploymentPostprocessing = 0;
		};
		BFFADE64283CA10C00DE1443 /* Sources */ = {
			isa = PBXSourcesBuildPhase;
			buildActionMask = 2147483647;
			files = (
				BFFADE6D283CA10C00DE1443 /* OddEvenGameTests.swift in Sources */,
			);
			runOnlyForDeploymentPostprocessing = 0;
		};
		BFFADE6E283CA10C00DE1443 /* Sources */ = {
			isa = PBXSourcesBuildPhase;
			buildActionMask = 2147483647;
			files = (
				BFFADE79283CA10C00DE1443 /* OddEvenGameUITestsLaunchTests.swift in Sources */,
				BFFADE77283CA10C00DE1443 /* OddEvenGameUITests.swift in Sources */,
			);
			runOnlyForDeploymentPostprocessing = 0;
		};
/* End PBXSourcesBuildPhase section */

/* Begin PBXTargetDependency section */
		BFFADE6A283CA10C00DE1443 /* PBXTargetDependency */ = {
			isa = PBXTargetDependency;
			target = BFFADE51283CA10B00DE1443 /* OddEvenGame */;
			targetProxy = BFFADE69283CA10C00DE1443 /* PBXContainerItemProxy */;
		};
		BFFADE74283CA10C00DE1443 /* PBXTargetDependency */ = {
			isa = PBXTargetDependency;
			target = BFFADE51283CA10B00DE1443 /* OddEvenGame */;
			targetProxy = BFFADE73283CA10C00DE1443 /* PBXContainerItemProxy */;
		};
/* End PBXTargetDependency section */

/* Begin PBXVariantGroup section */
		BFFADE5B283CA10B00DE1443 /* Main.storyboard */ = {
			isa = PBXVariantGroup;
			children = (
				BFFADE5C283CA10B00DE1443 /* Base */,
			);
			name = Main.storyboard;
			sourceTree = "<group>";
		};
		BFFADE60283CA10C00DE1443 /* LaunchScreen.storyboard */ = {
			isa = PBXVariantGroup;
			children = (
				BFFADE61283CA10C00DE1443 /* Base */,
			);
			name = LaunchScreen.storyboard;
			sourceTree = "<group>";
		};
/* End PBXVariantGroup section */

/* Begin XCBuildConfiguration section */
		BFFADE7A283CA10C00DE1443 /* Debug */ = {
			isa = XCBuildConfiguration;
			buildSettings = {
				ALWAYS_SEARCH_USER_PATHS = NO;
				CLANG_ANALYZER_NONNULL = YES;
				CLANG_ANALYZER_NUMBER_OBJECT_CONVERSION = YES_AGGRESSIVE;
				CLANG_CXX_LANGUAGE_STANDARD = "gnu++17";
				CLANG_ENABLE_MODULES = YES;
				CLANG_ENABLE_OBJC_ARC = YES;
				CLANG_ENABLE_OBJC_WEAK = YES;
				CLANG_WARN_BLOCK_CAPTURE_AUTORELEASING = YES;
				CLANG_WARN_BOOL_CONVERSION = YES;
				CLANG_WARN_COMMA = YES;
				CLANG_WARN_CONSTANT_CONVERSION = YES;
				CLANG_WARN_DEPRECATED_OBJC_IMPLEMENTATIONS = YES;
				CLANG_WARN_DIRECT_OBJC_ISA_USAGE = YES_ERROR;
				CLANG_WARN_DOCUMENTATION_COMMENTS = YES;
				CLANG_WARN_EMPTY_BODY = YES;
				CLANG_WARN_ENUM_CONVERSION = YES;
				CLANG_WARN_INFINITE_RECURSION = YES;
				CLANG_WARN_INT_CONVERSION = YES;
				CLANG_WARN_NON_LITERAL_NULL_CONVERSION = YES;
				CLANG_WARN_OBJC_IMPLICIT_RETAIN_SELF = YES;
				CLANG_WARN_OBJC_LITERAL_CONVERSION = YES;
				CLANG_WARN_OBJC_ROOT_CLASS = YES_ERROR;
				CLANG_WARN_QUOTED_INCLUDE_IN_FRAMEWORK_HEADER = YES;
				CLANG_WARN_RANGE_LOOP_ANALYSIS = YES;
				CLANG_WARN_STRICT_PROTOTYPES = YES;
				CLANG_WARN_SUSPICIOUS_MOVE = YES;
				CLANG_WARN_UNGUARDED_AVAILABILITY = YES_AGGRESSIVE;
				CLANG_WARN_UNREACHABLE_CODE = YES;
				CLANG_WARN__DUPLICATE_METHOD_MATCH = YES;
				COPY_PHASE_STRIP = NO;
				DEBUG_INFORMATION_FORMAT = dwarf;
				ENABLE_STRICT_OBJC_MSGSEND = YES;
				ENABLE_TESTABILITY = YES;
				GCC_C_LANGUAGE_STANDARD = gnu11;
				GCC_DYNAMIC_NO_PIC = NO;
				GCC_NO_COMMON_BLOCKS = YES;
				GCC_OPTIMIZATION_LEVEL = 0;
				GCC_PREPROCESSOR_DEFINITIONS = (
					"DEBUG=1",
					"$(inherited)",
				);
				GCC_WARN_64_TO_32_BIT_CONVERSION = YES;
				GCC_WARN_ABOUT_RETURN_TYPE = YES_ERROR;
				GCC_WARN_UNDECLARED_SELECTOR = YES;
				GCC_WARN_UNINITIALIZED_AUTOS = YES_AGGRESSIVE;
				GCC_WARN_UNUSED_FUNCTION = YES;
				GCC_WARN_UNUSED_VARIABLE = YES;
				IPHONEOS_DEPLOYMENT_TARGET = 15.5;
				MTL_ENABLE_DEBUG_INFO = INCLUDE_SOURCE;
				MTL_FAST_MATH = YES;
				ONLY_ACTIVE_ARCH = YES;
				SDKROOT = iphoneos;
				SWIFT_ACTIVE_COMPILATION_CONDITIONS = DEBUG;
				SWIFT_OPTIMIZATION_LEVEL = "-Onone";
			};
			name = Debug;
		};
		BFFADE7B283CA10C00DE1443 /* Release */ = {
			isa = XCBuildConfiguration;
			buildSettings = {
				ALWAYS_SEARCH_USER_PATHS = NO;
				CLANG_ANALYZER_NONNULL = YES;
				CLANG_ANALYZER_NUMBER_OBJECT_CONVERSION = YES_AGGRESSIVE;
				CLANG_CXX_LANGUAGE_STANDARD = "gnu++17";
				CLANG_ENABLE_MODULES = YES;
				CLANG_ENABLE_OBJC_ARC = YES;
				CLANG_ENABLE_OBJC_WEAK = YES;
				CLANG_WARN_BLOCK_CAPTURE_AUTORELEASING = YES;
				CLANG_WARN_BOOL_CONVERSION = YES;
				CLANG_WARN_COMMA = YES;
				CLANG_WARN_CONSTANT_CONVERSION = YES;
				CLANG_WARN_DEPRECATED_OBJC_IMPLEMENTATIONS = YES;
				CLANG_WARN_DIRECT_OBJC_ISA_USAGE = YES_ERROR;
				CLANG_WARN_DOCUMENTATION_COMMENTS = YES;
				CLANG_WARN_EMPTY_BODY = YES;
				CLANG_WARN_ENUM_CONVERSION = YES;
				CLANG_WARN_INFINITE_RECURSION = YES;
				CLANG_WARN_INT_CONVERSION = YES;
				CLANG_WARN_NON_LITERAL_NULL_CONVERSION = YES;
				CLANG_WARN_OBJC_IMPLICIT_RETAIN_SELF = YES;
				CLANG_WARN_OBJC_LITERAL_CONVERSION = YES;
				CLANG_WARN_OBJC_ROOT_CLASS = YES_ERROR;
				CLANG_WARN_QUOTED_INCLUDE_IN_FRAMEWORK_HEADER = YES;
				CLANG_WARN_RANGE_LOOP_ANALYSIS = YES;
				CLANG_WARN_STRICT_PROTOTYPES = YES;
				CLANG_WARN_SUSPICIOUS_MOVE = YES;
				CLANG_WARN_UNGUARDED_AVAILABILITY = YES_AGGRESSIVE;
				CLANG_WARN_UNREACHABLE_CODE = YES;
				CLANG_WARN__DUPLICATE_METHOD_MATCH = YES;
				COPY_PHASE_STRIP = NO;
				DEBUG_INFORMATION_FORMAT = "dwarf-with-dsym";
				ENABLE_NS_ASSERTIONS = NO;
				ENABLE_STRICT_OBJC_MSGSEND = YES;
				GCC_C_LANGUAGE_STANDARD = gnu11;
				GCC_NO_COMMON_BLOCKS = YES;
				GCC_WARN_64_TO_32_BIT_CONVERSION = YES;
				GCC_WARN_ABOUT_RETURN_TYPE = YES_ERROR;
				GCC_WARN_UNDECLARED_SELECTOR = YES;
				GCC_WARN_UNINITIALIZED_AUTOS = YES_AGGRESSIVE;
				GCC_WARN_UNUSED_FUNCTION = YES;
				GCC_WARN_UNUSED_VARIABLE = YES;
				IPHONEOS_DEPLOYMENT_TARGET = 15.5;
				MTL_ENABLE_DEBUG_INFO = NO;
				MTL_FAST_MATH = YES;
				SDKROOT = iphoneos;
				SWIFT_COMPILATION_MODE = wholemodule;
				SWIFT_OPTIMIZATION_LEVEL = "-O";
				VALIDATE_PRODUCT = YES;
			};
			name = Release;
		};
		BFFADE7D283CA10C00DE1443 /* Debug */ = {
			isa = XCBuildConfiguration;
			buildSettings = {
				ASSETCATALOG_COMPILER_APPICON_NAME = AppIcon;
				ASSETCATALOG_COMPILER_GLOBAL_ACCENT_COLOR_NAME = AccentColor;
				CODE_SIGN_STYLE = Automatic;
				CURRENT_PROJECT_VERSION = 1;
				GENERATE_INFOPLIST_FILE = YES;
				INFOPLIST_FILE = OddEvenGame/Info.plist;
				INFOPLIST_KEY_UIApplicationSupportsIndirectInputEvents = YES;
				INFOPLIST_KEY_UILaunchStoryboardName = LaunchScreen;
				INFOPLIST_KEY_UIMainStoryboardFile = Main;
				INFOPLIST_KEY_UISupportedInterfaceOrientations_iPad = "UIInterfaceOrientationPortrait UIInterfaceOrientationPortraitUpsideDown UIInterfaceOrientationLandscapeLeft UIInterfaceOrientationLandscapeRight";
				INFOPLIST_KEY_UISupportedInterfaceOrientations_iPhone = "UIInterfaceOrientationPortrait UIInterfaceOrientationLandscapeLeft UIInterfaceOrientationLandscapeRight";
				LD_RUNPATH_SEARCH_PATHS = (
					"$(inherited)",
					"@executable_path/Frameworks",
				);
				MARKETING_VERSION = 1.0;
				PRODUCT_BUNDLE_IDENTIFIER = ramjunThunder.OddEvenGame;
				PRODUCT_NAME = "$(TARGET_NAME)";
				SWIFT_EMIT_LOC_STRINGS = YES;
				SWIFT_VERSION = 5.0;
				TARGETED_DEVICE_FAMILY = "1,2";
			};
			name = Debug;
		};
		BFFADE7E283CA10C00DE1443 /* Release */ = {
			isa = XCBuildConfiguration;
			buildSettings = {
				ASSETCATALOG_COMPILER_APPICON_NAME = AppIcon;
				ASSETCATALOG_COMPILER_GLOBAL_ACCENT_COLOR_NAME = AccentColor;
				CODE_SIGN_STYLE = Automatic;
				CURRENT_PROJECT_VERSION = 1;
				GENERATE_INFOPLIST_FILE = YES;
				INFOPLIST_FILE = OddEvenGame/Info.plist;
				INFOPLIST_KEY_UIApplicationSupportsIndirectInputEvents = YES;
				INFOPLIST_KEY_UILaunchStoryboardName = LaunchScreen;
				INFOPLIST_KEY_UIMainStoryboardFile = Main;
				INFOPLIST_KEY_UISupportedInterfaceOrientations_iPad = "UIInterfaceOrientationPortrait UIInterfaceOrientationPortraitUpsideDown UIInterfaceOrientationLandscapeLeft UIInterfaceOrientationLandscapeRight";
				INFOPLIST_KEY_UISupportedInterfaceOrientations_iPhone = "UIInterfaceOrientationPortrait UIInterfaceOrientationLandscapeLeft UIInterfaceOrientationLandscapeRight";
				LD_RUNPATH_SEARCH_PATHS = (
					"$(inherited)",
					"@executable_path/Frameworks",
				);
				MARKETING_VERSION = 1.0;
				PRODUCT_BUNDLE_IDENTIFIER = ramjunThunder.OddEvenGame;
				PRODUCT_NAME = "$(TARGET_NAME)";
				SWIFT_EMIT_LOC_STRINGS = YES;
				SWIFT_VERSION = 5.0;
				TARGETED_DEVICE_FAMILY = "1,2";
			};
			name = Release;
		};
		BFFADE80283CA10C00DE1443 /* Debug */ = {
			isa = XCBuildConfiguration;
			buildSettings = {
				ALWAYS_EMBED_SWIFT_STANDARD_LIBRARIES = YES;
				BUNDLE_LOADER = "$(TEST_HOST)";
				CODE_SIGN_STYLE = Automatic;
				CURRENT_PROJECT_VERSION = 1;
				GENERATE_INFOPLIST_FILE = YES;
				IPHONEOS_DEPLOYMENT_TARGET = 15.5;
				MARKETING_VERSION = 1.0;
				PRODUCT_BUNDLE_IDENTIFIER = ramjunThunder.OddEvenGameTests;
				PRODUCT_NAME = "$(TARGET_NAME)";
				SWIFT_EMIT_LOC_STRINGS = NO;
				SWIFT_VERSION = 5.0;
				TARGETED_DEVICE_FAMILY = "1,2";
				TEST_HOST = "$(BUILT_PRODUCTS_DIR)/OddEvenGame.app/OddEvenGame";
			};
			name = Debug;
		};
		BFFADE81283CA10C00DE1443 /* Release */ = {
			isa = XCBuildConfiguration;
			buildSettings = {
				ALWAYS_EMBED_SWIFT_STANDARD_LIBRARIES = YES;
				BUNDLE_LOADER = "$(TEST_HOST)";
				CODE_SIGN_STYLE = Automatic;
				CURRENT_PROJECT_VERSION = 1;
				GENERATE_INFOPLIST_FILE = YES;
				IPHONEOS_DEPLOYMENT_TARGET = 15.5;
				MARKETING_VERSION = 1.0;
				PRODUCT_BUNDLE_IDENTIFIER = ramjunThunder.OddEvenGameTests;
				PRODUCT_NAME = "$(TARGET_NAME)";
				SWIFT_EMIT_LOC_STRINGS = NO;
				SWIFT_VERSION = 5.0;
				TARGETED_DEVICE_FAMILY = "1,2";
				TEST_HOST = "$(BUILT_PRODUCTS_DIR)/OddEvenGame.app/OddEvenGame";
			};
			name = Release;
		};
		BFFADE83283CA10C00DE1443 /* Debug */ = {
			isa = XCBuildConfiguration;
			buildSettings = {
				ALWAYS_EMBED_SWIFT_STANDARD_LIBRARIES = YES;
				CODE_SIGN_STYLE = Automatic;
				CURRENT_PROJECT_VERSION = 1;
				GENERATE_INFOPLIST_FILE = YES;
				MARKETING_VERSION = 1.0;
				PRODUCT_BUNDLE_IDENTIFIER = ramjunThunder.OddEvenGameUITests;
				PRODUCT_NAME = "$(TARGET_NAME)";
				SWIFT_EMIT_LOC_STRINGS = NO;
				SWIFT_VERSION = 5.0;
				TARGETED_DEVICE_FAMILY = "1,2";
				TEST_TARGET_NAME = OddEvenGame;
			};
			name = Debug;
		};
		BFFADE84283CA10C00DE1443 /* Release */ = {
			isa = XCBuildConfiguration;
			buildSettings = {
				ALWAYS_EMBED_SWIFT_STANDARD_LIBRARIES = YES;
				CODE_SIGN_STYLE = Automatic;
				CURRENT_PROJECT_VERSION = 1;
				GENERATE_INFOPLIST_FILE = YES;
				MARKETING_VERSION = 1.0;
				PRODUCT_BUNDLE_IDENTIFIER = ramjunThunder.OddEvenGameUITests;
				PRODUCT_NAME = "$(TARGET_NAME)";
				SWIFT_EMIT_LOC_STRINGS = NO;
				SWIFT_VERSION = 5.0;
				TARGETED_DEVICE_FAMILY = "1,2";
				TEST_TARGET_NAME = OddEvenGame;
			};
			name = Release;
		};
/* End XCBuildConfiguration section */

/* Begin XCConfigurationList section */
		BFFADE4D283CA10B00DE1443 /* Build configuration list for PBXProject "OddEvenGame" */ = {
			isa = XCConfigurationList;
			buildConfigurations = (
				BFFADE7A283CA10C00DE1443 /* Debug */,
				BFFADE7B283CA10C00DE1443 /* Release */,
			);
			defaultConfigurationIsVisible = 0;
			defaultConfigurationName = Release;
		};
		BFFADE7C283CA10C00DE1443 /* Build configuration list for PBXNativeTarget "OddEvenGame" */ = {
			isa = XCConfigurationList;
			buildConfigurations = (
				BFFADE7D283CA10C00DE1443 /* Debug */,
				BFFADE7E283CA10C00DE1443 /* Release */,
			);
			defaultConfigurationIsVisible = 0;
			defaultConfigurationName = Release;
		};
		BFFADE7F283CA10C00DE1443 /* Build configuration list for PBXNativeTarget "OddEvenGameTests" */ = {
			isa = XCConfigurationList;
			buildConfigurations = (
				BFFADE80283CA10C00DE1443 /* Debug */,
				BFFADE81283CA10C00DE1443 /* Release */,
			);
			defaultConfigurationIsVisible = 0;
			defaultConfigurationName = Release;
		};
		BFFADE82283CA10C00DE1443 /* Build configuration list for PBXNativeTarget "OddEvenGameUITests" */ = {
			isa = XCConfigurationList;
			buildConfigurations = (
				BFFADE83283CA10C00DE1443 /* Debug */,
				BFFADE84283CA10C00DE1443 /* Release */,
			);
			defaultConfigurationIsVisible = 0;
			defaultConfigurationName = Release;
		};
/* End XCConfigurationList section */
	};
	rootObject = BFFADE4A283CA10B00DE1443 /* Project object */;
}
