// !$*UTF8*$!
{
	archiveVersion = 1;
	classes = {
	};
	objectVersion = 55;
	objects = {

/* Begin PBXBuildFile section */
		BF3181E8283E348200F080CF /* AppDelegate.swift in Sources */ = {isa = PBXBuildFile; fileRef = BF3181E7283E348200F080CF /* AppDelegate.swift */; };
		BF3181EA283E348200F080CF /* SceneDelegate.swift in Sources */ = {isa = PBXBuildFile; fileRef = BF3181E9283E348200F080CF /* SceneDelegate.swift */; };
		BF3181EC283E348200F080CF /* ViewController.swift in Sources */ = {isa = PBXBuildFile; fileRef = BF3181EB283E348200F080CF /* ViewController.swift */; };
		BF3181EF283E348200F080CF /* Main.storyboard in Resources */ = {isa = PBXBuildFile; fileRef = BF3181ED283E348200F080CF /* Main.storyboard */; };
		BF3181F1283E348400F080CF /* Assets.xcassets in Resources */ = {isa = PBXBuildFile; fileRef = BF3181F0283E348400F080CF /* Assets.xcassets */; };
		BF3181F4283E348400F080CF /* LaunchScreen.storyboard in Resources */ = {isa = PBXBuildFile; fileRef = BF3181F2283E348400F080CF /* LaunchScreen.storyboard */; };
		BF3181FF283E348400F080CF /* AutoLayoutTests.swift in Sources */ = {isa = PBXBuildFile; fileRef = BF3181FE283E348400F080CF /* AutoLayoutTests.swift */; };
		BF318209283E348400F080CF /* AutoLayoutUITests.swift in Sources */ = {isa = PBXBuildFile; fileRef = BF318208283E348400F080CF /* AutoLayoutUITests.swift */; };
		BF31820B283E348400F080CF /* AutoLayoutUITestsLaunchTests.swift in Sources */ = {isa = PBXBuildFile; fileRef = BF31820A283E348400F080CF /* AutoLayoutUITestsLaunchTests.swift */; };
/* End PBXBuildFile section */

/* Begin PBXContainerItemProxy section */
		BF3181FB283E348400F080CF /* PBXContainerItemProxy */ = {
			isa = PBXContainerItemProxy;
			containerPortal = BF3181DC283E348200F080CF /* Project object */;
			proxyType = 1;
			remoteGlobalIDString = BF3181E3283E348200F080CF;
			remoteInfo = AutoLayout;
		};
		BF318205283E348400F080CF /* PBXContainerItemProxy */ = {
			isa = PBXContainerItemProxy;
			containerPortal = BF3181DC283E348200F080CF /* Project object */;
			proxyType = 1;
			remoteGlobalIDString = BF3181E3283E348200F080CF;
			remoteInfo = AutoLayout;
		};
/* End PBXContainerItemProxy section */

/* Begin PBXFileReference section */
		BF3181E4283E348200F080CF /* AutoLayout.app */ = {isa = PBXFileReference; explicitFileType = wrapper.application; includeInIndex = 0; path = AutoLayout.app; sourceTree = BUILT_PRODUCTS_DIR; };
		BF3181E7283E348200F080CF /* AppDelegate.swift */ = {isa = PBXFileReference; lastKnownFileType = sourcecode.swift; path = AppDelegate.swift; sourceTree = "<group>"; };
		BF3181E9283E348200F080CF /* SceneDelegate.swift */ = {isa = PBXFileReference; lastKnownFileType = sourcecode.swift; path = SceneDelegate.swift; sourceTree = "<group>"; };
		BF3181EB283E348200F080CF /* ViewController.swift */ = {isa = PBXFileReference; lastKnownFileType = sourcecode.swift; path = ViewController.swift; sourceTree = "<group>"; };
		BF3181EE283E348200F080CF /* Base */ = {isa = PBXFileReference; lastKnownFileType = file.storyboard; name = Base; path = Base.lproj/Main.storyboard; sourceTree = "<group>"; };
		BF3181F0283E348400F080CF /* Assets.xcassets */ = {isa = PBXFileReference; lastKnownFileType = folder.assetcatalog; path = Assets.xcassets; sourceTree = "<group>"; };
		BF3181F3283E348400F080CF /* Base */ = {isa = PBXFileReference; lastKnownFileType = file.storyboard; name = Base; path = Base.lproj/LaunchScreen.storyboard; sourceTree = "<group>"; };
		BF3181F5283E348400F080CF /* Info.plist */ = {isa = PBXFileReference; lastKnownFileType = text.plist.xml; path = Info.plist; sourceTree = "<group>"; };
		BF3181FA283E348400F080CF /* AutoLayoutTests.xctest */ = {isa = PBXFileReference; explicitFileType = wrapper.cfbundle; includeInIndex = 0; path = AutoLayoutTests.xctest; sourceTree = BUILT_PRODUCTS_DIR; };
		BF3181FE283E348400F080CF /* AutoLayoutTests.swift */ = {isa = PBXFileReference; lastKnownFileType = sourcecode.swift; path = AutoLayoutTests.swift; sourceTree = "<group>"; };
		BF318204283E348400F080CF /* AutoLayoutUITests.xctest */ = {isa = PBXFileReference; explicitFileType = wrapper.cfbundle; includeInIndex = 0; path = AutoLayoutUITests.xctest; sourceTree = BUILT_PRODUCTS_DIR; };
		BF318208283E348400F080CF /* AutoLayoutUITests.swift */ = {isa = PBXFileReference; lastKnownFileType = sourcecode.swift; path = AutoLayoutUITests.swift; sourceTree = "<group>"; };
		BF31820A283E348400F080CF /* AutoLayoutUITestsLaunchTests.swift */ = {isa = PBXFileReference; lastKnownFileType = sourcecode.swift; path = AutoLayoutUITestsLaunchTests.swift; sourceTree = "<group>"; };
/* End PBXFileReference section */

/* Begin PBXFrameworksBuildPhase section */
		BF3181E1283E348200F080CF /* Frameworks */ = {
			isa = PBXFrameworksBuildPhase;
			buildActionMask = 2147483647;
			files = (
			);
			runOnlyForDeploymentPostprocessing = 0;
		};
		BF3181F7283E348400F080CF /* Frameworks */ = {
			isa = PBXFrameworksBuildPhase;
			buildActionMask = 2147483647;
			files = (
			);
			runOnlyForDeploymentPostprocessing = 0;
		};
		BF318201283E348400F080CF /* Frameworks */ = {
			isa = PBXFrameworksBuildPhase;
			buildActionMask = 2147483647;
			files = (
			);
			runOnlyForDeploymentPostprocessing = 0;
		};
/* End PBXFrameworksBuildPhase section */

/* Begin PBXGroup section */
		BF3181DB283E348200F080CF = {
			isa = PBXGroup;
			children = (
				BF3181E6283E348200F080CF /* AutoLayout */,
				BF3181FD283E348400F080CF /* AutoLayoutTests */,
				BF318207283E348400F080CF /* AutoLayoutUITests */,
				BF3181E5283E348200F080CF /* Products */,
			);
			sourceTree = "<group>";
		};
		BF3181E5283E348200F080CF /* Products */ = {
			isa = PBXGroup;
			children = (
				BF3181E4283E348200F080CF /* AutoLayout.app */,
				BF3181FA283E348400F080CF /* AutoLayoutTests.xctest */,
				BF318204283E348400F080CF /* AutoLayoutUITests.xctest */,
			);
			name = Products;
			sourceTree = "<group>";
		};
		BF3181E6283E348200F080CF /* AutoLayout */ = {
			isa = PBXGroup;
			children = (
				BF3181E7283E348200F080CF /* AppDelegate.swift */,
				BF3181E9283E348200F080CF /* SceneDelegate.swift */,
				BF3181EB283E348200F080CF /* ViewController.swift */,
				BF3181ED283E348200F080CF /* Main.storyboard */,
				BF3181F0283E348400F080CF /* Assets.xcassets */,
				BF3181F2283E348400F080CF /* LaunchScreen.storyboard */,
				BF3181F5283E348400F080CF /* Info.plist */,
			);
			path = AutoLayout;
			sourceTree = "<group>";
		};
		BF3181FD283E348400F080CF /* AutoLayoutTests */ = {
			isa = PBXGroup;
			children = (
				BF3181FE283E348400F080CF /* AutoLayoutTests.swift */,
			);
			path = AutoLayoutTests;
			sourceTree = "<group>";
		};
		BF318207283E348400F080CF /* AutoLayoutUITests */ = {
			isa = PBXGroup;
			children = (
				BF318208283E348400F080CF /* AutoLayoutUITests.swift */,
				BF31820A283E348400F080CF /* AutoLayoutUITestsLaunchTests.swift */,
			);
			path = AutoLayoutUITests;
			sourceTree = "<group>";
		};
/* End PBXGroup section */

/* Begin PBXNativeTarget section */
		BF3181E3283E348200F080CF /* AutoLayout */ = {
			isa = PBXNativeTarget;
			buildConfigurationList = BF31820E283E348400F080CF /* Build configuration list for PBXNativeTarget "AutoLayout" */;
			buildPhases = (
				BF3181E0283E348200F080CF /* Sources */,
				BF3181E1283E348200F080CF /* Frameworks */,
				BF3181E2283E348200F080CF /* Resources */,
			);
			buildRules = (
			);
			dependencies = (
			);
			name = AutoLayout;
			productName = AutoLayout;
			productReference = BF3181E4283E348200F080CF /* AutoLayout.app */;
			productType = "com.apple.product-type.application";
		};
		BF3181F9283E348400F080CF /* AutoLayoutTests */ = {
			isa = PBXNativeTarget;
			buildConfigurationList = BF318211283E348400F080CF /* Build configuration list for PBXNativeTarget "AutoLayoutTests" */;
			buildPhases = (
				BF3181F6283E348400F080CF /* Sources */,
				BF3181F7283E348400F080CF /* Frameworks */,
				BF3181F8283E348400F080CF /* Resources */,
			);
			buildRules = (
			);
			dependencies = (
				BF3181FC283E348400F080CF /* PBXTargetDependency */,
			);
			name = AutoLayoutTests;
			productName = AutoLayoutTests;
			productReference = BF3181FA283E348400F080CF /* AutoLayoutTests.xctest */;
			productType = "com.apple.product-type.bundle.unit-test";
		};
		BF318203283E348400F080CF /* AutoLayoutUITests */ = {
			isa = PBXNativeTarget;
			buildConfigurationList = BF318214283E348400F080CF /* Build configuration list for PBXNativeTarget "AutoLayoutUITests" */;
			buildPhases = (
				BF318200283E348400F080CF /* Sources */,
				BF318201283E348400F080CF /* Frameworks */,
				BF318202283E348400F080CF /* Resources */,
			);
			buildRules = (
			);
			dependencies = (
				BF318206283E348400F080CF /* PBXTargetDependency */,
			);
			name = AutoLayoutUITests;
			productName = AutoLayoutUITests;
			productReference = BF318204283E348400F080CF /* AutoLayoutUITests.xctest */;
			productType = "com.apple.product-type.bundle.ui-testing";
		};
/* End PBXNativeTarget section */

/* Begin PBXProject section */
		BF3181DC283E348200F080CF /* Project object */ = {
			isa = PBXProject;
			attributes = {
				BuildIndependentTargetsInParallel = 1;
				LastSwiftUpdateCheck = 1340;
				LastUpgradeCheck = 1340;
				TargetAttributes = {
					BF3181E3283E348200F080CF = {
						CreatedOnToolsVersion = 13.4;
					};
					BF3181F9283E348400F080CF = {
						CreatedOnToolsVersion = 13.4;
						TestTargetID = BF3181E3283E348200F080CF;
					};
					BF318203283E348400F080CF = {
						CreatedOnToolsVersion = 13.4;
						TestTargetID = BF3181E3283E348200F080CF;
					};
				};
			};
			buildConfigurationList = BF3181DF283E348200F080CF /* Build configuration list for PBXProject "AutoLayout" */;
			compatibilityVersion = "Xcode 13.0";
			developmentRegion = en;
			hasScannedForEncodings = 0;
			knownRegions = (
				en,
				Base,
			);
			mainGroup = BF3181DB283E348200F080CF;
			productRefGroup = BF3181E5283E348200F080CF /* Products */;
			projectDirPath = "";
			projectRoot = "";
			targets = (
				BF3181E3283E348200F080CF /* AutoLayout */,
				BF3181F9283E348400F080CF /* AutoLayoutTests */,
				BF318203283E348400F080CF /* AutoLayoutUITests */,
			);
		};
/* End PBXProject section */

/* Begin PBXResourcesBuildPhase section */
		BF3181E2283E348200F080CF /* Resources */ = {
			isa = PBXResourcesBuildPhase;
			buildActionMask = 2147483647;
			files = (
				BF3181F4283E348400F080CF /* LaunchScreen.storyboard in Resources */,
				BF3181F1283E348400F080CF /* Assets.xcassets in Resources */,
				BF3181EF283E348200F080CF /* Main.storyboard in Resources */,
			);
			runOnlyForDeploymentPostprocessing = 0;
		};
		BF3181F8283E348400F080CF /* Resources */ = {
			isa = PBXResourcesBuildPhase;
			buildActionMask = 2147483647;
			files = (
			);
			runOnlyForDeploymentPostprocessing = 0;
		};
		BF318202283E348400F080CF /* Resources */ = {
			isa = PBXResourcesBuildPhase;
			buildActionMask = 2147483647;
			files = (
			);
			runOnlyForDeploymentPostprocessing = 0;
		};
/* End PBXResourcesBuildPhase section */

/* Begin PBXSourcesBuildPhase section */
		BF3181E0283E348200F080CF /* Sources */ = {
			isa = PBXSourcesBuildPhase;
			buildActionMask = 2147483647;
			files = (
				BF3181EC283E348200F080CF /* ViewController.swift in Sources */,
				BF3181E8283E348200F080CF /* AppDelegate.swift in Sources */,
				BF3181EA283E348200F080CF /* SceneDelegate.swift in Sources */,
			);
			runOnlyForDeploymentPostprocessing = 0;
		};
		BF3181F6283E348400F080CF /* Sources */ = {
			isa = PBXSourcesBuildPhase;
			buildActionMask = 2147483647;
			files = (
				BF3181FF283E348400F080CF /* AutoLayoutTests.swift in Sources */,
			);
			runOnlyForDeploymentPostprocessing = 0;
		};
		BF318200283E348400F080CF /* Sources */ = {
			isa = PBXSourcesBuildPhase;
			buildActionMask = 2147483647;
			files = (
				BF318209283E348400F080CF /* AutoLayoutUITests.swift in Sources */,
				BF31820B283E348400F080CF /* AutoLayoutUITestsLaunchTests.swift in Sources */,
			);
			runOnlyForDeploymentPostprocessing = 0;
		};
/* End PBXSourcesBuildPhase section */

/* Begin PBXTargetDependency section */
		BF3181FC283E348400F080CF /* PBXTargetDependency */ = {
			isa = PBXTargetDependency;
			target = BF3181E3283E348200F080CF /* AutoLayout */;
			targetProxy = BF3181FB283E348400F080CF /* PBXContainerItemProxy */;
		};
		BF318206283E348400F080CF /* PBXTargetDependency */ = {
			isa = PBXTargetDependency;
			target = BF3181E3283E348200F080CF /* AutoLayout */;
			targetProxy = BF318205283E348400F080CF /* PBXContainerItemProxy */;
		};
/* End PBXTargetDependency section */

/* Begin PBXVariantGroup section */
		BF3181ED283E348200F080CF /* Main.storyboard */ = {
			isa = PBXVariantGroup;
			children = (
				BF3181EE283E348200F080CF /* Base */,
			);
			name = Main.storyboard;
			sourceTree = "<group>";
		};
		BF3181F2283E348400F080CF /* LaunchScreen.storyboard */ = {
			isa = PBXVariantGroup;
			children = (
				BF3181F3283E348400F080CF /* Base */,
			);
			name = LaunchScreen.storyboard;
			sourceTree = "<group>";
		};
/* End PBXVariantGroup section */

/* Begin XCBuildConfiguration section */
		BF31820C283E348400F080CF /* Debug */ = {
			isa = XCBuildConfiguration;
			buildSettings = {
				ALWAYS_SEARCH_USER_PATHS = NO;
				CLANG_ANALYZER_NONNULL = YES;
				CLANG_ANALYZER_NUMBER_OBJECT_CONVERSION = YES_AGGRESSIVE;
				CLANG_CXX_LANGUAGE_STANDARD = "gnu++17";
				CLANG_ENABLE_MODULES = YES;
				CLANG_ENABLE_OBJC_ARC = YES;
				CLANG_ENABLE_OBJC_WEAK = YES;
				CLANG_WARN_BLOCK_CAPTURE_AUTORELEASING = YES;
				CLANG_WARN_BOOL_CONVERSION = YES;
				CLANG_WARN_COMMA = YES;
				CLANG_WARN_CONSTANT_CONVERSION = YES;
				CLANG_WARN_DEPRECATED_OBJC_IMPLEMENTATIONS = YES;
				CLANG_WARN_DIRECT_OBJC_ISA_USAGE = YES_ERROR;
				CLANG_WARN_DOCUMENTATION_COMMENTS = YES;
				CLANG_WARN_EMPTY_BODY = YES;
				CLANG_WARN_ENUM_CONVERSION = YES;
				CLANG_WARN_INFINITE_RECURSION = YES;
				CLANG_WARN_INT_CONVERSION = YES;
				CLANG_WARN_NON_LITERAL_NULL_CONVERSION = YES;
				CLANG_WARN_OBJC_IMPLICIT_RETAIN_SELF = YES;
				CLANG_WARN_OBJC_LITERAL_CONVERSION = YES;
				CLANG_WARN_OBJC_ROOT_CLASS = YES_ERROR;
				CLANG_WARN_QUOTED_INCLUDE_IN_FRAMEWORK_HEADER = YES;
				CLANG_WARN_RANGE_LOOP_ANALYSIS = YES;
				CLANG_WARN_STRICT_PROTOTYPES = YES;
				CLANG_WARN_SUSPICIOUS_MOVE = YES;
				CLANG_WARN_UNGUARDED_AVAILABILITY = YES_AGGRESSIVE;
				CLANG_WARN_UNREACHABLE_CODE = YES;
				CLANG_WARN__DUPLICATE_METHOD_MATCH = YES;
				COPY_PHASE_STRIP = NO;
				DEBUG_INFORMATION_FORMAT = dwarf;
				ENABLE_STRICT_OBJC_MSGSEND = YES;
				ENABLE_TESTABILITY = YES;
				GCC_C_LANGUAGE_STANDARD = gnu11;
				GCC_DYNAMIC_NO_PIC = NO;
				GCC_NO_COMMON_BLOCKS = YES;
				GCC_OPTIMIZATION_LEVEL = 0;
				GCC_PREPROCESSOR_DEFINITIONS = (
					"DEBUG=1",
					"$(inherited)",
				);
				GCC_WARN_64_TO_32_BIT_CONVERSION = YES;
				GCC_WARN_ABOUT_RETURN_TYPE = YES_ERROR;
				GCC_WARN_UNDECLARED_SELECTOR = YES;
				GCC_WARN_UNINITIALIZED_AUTOS = YES_AGGRESSIVE;
				GCC_WARN_UNUSED_FUNCTION = YES;
				GCC_WARN_UNUSED_VARIABLE = YES;
				IPHONEOS_DEPLOYMENT_TARGET = 15.5;
				MTL_ENABLE_DEBUG_INFO = INCLUDE_SOURCE;
				MTL_FAST_MATH = YES;
				ONLY_ACTIVE_ARCH = YES;
				SDKROOT = iphoneos;
				SWIFT_ACTIVE_COMPILATION_CONDITIONS = DEBUG;
				SWIFT_OPTIMIZATION_LEVEL = "-Onone";
			};
			name = Debug;
		};
		BF31820D283E348400F080CF /* Release */ = {
			isa = XCBuildConfiguration;
			buildSettings = {
				ALWAYS_SEARCH_USER_PATHS = NO;
				CLANG_ANALYZER_NONNULL = YES;
				CLANG_ANALYZER_NUMBER_OBJECT_CONVERSION = YES_AGGRESSIVE;
				CLANG_CXX_LANGUAGE_STANDARD = "gnu++17";
				CLANG_ENABLE_MODULES = YES;
				CLANG_ENABLE_OBJC_ARC = YES;
				CLANG_ENABLE_OBJC_WEAK = YES;
				CLANG_WARN_BLOCK_CAPTURE_AUTORELEASING = YES;
				CLANG_WARN_BOOL_CONVERSION = YES;
				CLANG_WARN_COMMA = YES;
				CLANG_WARN_CONSTANT_CONVERSION = YES;
				CLANG_WARN_DEPRECATED_OBJC_IMPLEMENTATIONS = YES;
				CLANG_WARN_DIRECT_OBJC_ISA_USAGE = YES_ERROR;
				CLANG_WARN_DOCUMENTATION_COMMENTS = YES;
				CLANG_WARN_EMPTY_BODY = YES;
				CLANG_WARN_ENUM_CONVERSION = YES;
				CLANG_WARN_INFINITE_RECURSION = YES;
				CLANG_WARN_INT_CONVERSION = YES;
				CLANG_WARN_NON_LITERAL_NULL_CONVERSION = YES;
				CLANG_WARN_OBJC_IMPLICIT_RETAIN_SELF = YES;
				CLANG_WARN_OBJC_LITERAL_CONVERSION = YES;
				CLANG_WARN_OBJC_ROOT_CLASS = YES_ERROR;
				CLANG_WARN_QUOTED_INCLUDE_IN_FRAMEWORK_HEADER = YES;
				CLANG_WARN_RANGE_LOOP_ANALYSIS = YES;
				CLANG_WARN_STRICT_PROTOTYPES = YES;
				CLANG_WARN_SUSPICIOUS_MOVE = YES;
				CLANG_WARN_UNGUARDED_AVAILABILITY = YES_AGGRESSIVE;
				CLANG_WARN_UNREACHABLE_CODE = YES;
				CLANG_WARN__DUPLICATE_METHOD_MATCH = YES;
				COPY_PHASE_STRIP = NO;
				DEBUG_INFORMATION_FORMAT = "dwarf-with-dsym";
				ENABLE_NS_ASSERTIONS = NO;
				ENABLE_STRICT_OBJC_MSGSEND = YES;
				GCC_C_LANGUAGE_STANDARD = gnu11;
				GCC_NO_COMMON_BLOCKS = YES;
				GCC_WARN_64_TO_32_BIT_CONVERSION = YES;
				GCC_WARN_ABOUT_RETURN_TYPE = YES_ERROR;
				GCC_WARN_UNDECLARED_SELECTOR = YES;
				GCC_WARN_UNINITIALIZED_AUTOS = YES_AGGRESSIVE;
				GCC_WARN_UNUSED_FUNCTION = YES;
				GCC_WARN_UNUSED_VARIABLE = YES;
				IPHONEOS_DEPLOYMENT_TARGET = 15.5;
				MTL_ENABLE_DEBUG_INFO = NO;
				MTL_FAST_MATH = YES;
				SDKROOT = iphoneos;
				SWIFT_COMPILATION_MODE = wholemodule;
				SWIFT_OPTIMIZATION_LEVEL = "-O";
				VALIDATE_PRODUCT = YES;
			};
			name = Release;
		};
		BF31820F283E348400F080CF /* Debug */ = {
			isa = XCBuildConfiguration;
			buildSettings = {
				ASSETCATALOG_COMPILER_APPICON_NAME = AppIcon;
				ASSETCATALOG_COMPILER_GLOBAL_ACCENT_COLOR_NAME = AccentColor;
				CODE_SIGN_STYLE = Automatic;
				CURRENT_PROJECT_VERSION = 1;
				GENERATE_INFOPLIST_FILE = YES;
				INFOPLIST_FILE = AutoLayout/Info.plist;
				INFOPLIST_KEY_UIApplicationSupportsIndirectInputEvents = YES;
				INFOPLIST_KEY_UILaunchStoryboardName = LaunchScreen;
				INFOPLIST_KEY_UIMainStoryboardFile = Main;
				INFOPLIST_KEY_UISupportedInterfaceOrientations_iPad = "UIInterfaceOrientationPortrait UIInterfaceOrientationPortraitUpsideDown UIInterfaceOrientationLandscapeLeft UIInterfaceOrientationLandscapeRight";
				INFOPLIST_KEY_UISupportedInterfaceOrientations_iPhone = "UIInterfaceOrientationPortrait UIInterfaceOrientationLandscapeLeft UIInterfaceOrientationLandscapeRight";
				LD_RUNPATH_SEARCH_PATHS = (
					"$(inherited)",
					"@executable_path/Frameworks",
				);
				MARKETING_VERSION = 1.0;
				PRODUCT_BUNDLE_IDENTIFIER = ramjunThunder.AutoLayout;
				PRODUCT_NAME = "$(TARGET_NAME)";
				SWIFT_EMIT_LOC_STRINGS = YES;
				SWIFT_VERSION = 5.0;
				TARGETED_DEVICE_FAMILY = "1,2";
			};
			name = Debug;
		};
		BF318210283E348400F080CF /* Release */ = {
			isa = XCBuildConfiguration;
			buildSettings = {
				ASSETCATALOG_COMPILER_APPICON_NAME = AppIcon;
				ASSETCATALOG_COMPILER_GLOBAL_ACCENT_COLOR_NAME = AccentColor;
				CODE_SIGN_STYLE = Automatic;
				CURRENT_PROJECT_VERSION = 1;
				GENERATE_INFOPLIST_FILE = YES;
				INFOPLIST_FILE = AutoLayout/Info.plist;
				INFOPLIST_KEY_UIApplicationSupportsIndirectInputEvents = YES;
				INFOPLIST_KEY_UILaunchStoryboardName = LaunchScreen;
				INFOPLIST_KEY_UIMainStoryboardFile = Main;
				INFOPLIST_KEY_UISupportedInterfaceOrientations_iPad = "UIInterfaceOrientationPortrait UIInterfaceOrientationPortraitUpsideDown UIInterfaceOrientationLandscapeLeft UIInterfaceOrientationLandscapeRight";
				INFOPLIST_KEY_UISupportedInterfaceOrientations_iPhone = "UIInterfaceOrientationPortrait UIInterfaceOrientationLandscapeLeft UIInterfaceOrientationLandscapeRight";
				LD_RUNPATH_SEARCH_PATHS = (
					"$(inherited)",
					"@executable_path/Frameworks",
				);
				MARKETING_VERSION = 1.0;
				PRODUCT_BUNDLE_IDENTIFIER = ramjunThunder.AutoLayout;
				PRODUCT_NAME = "$(TARGET_NAME)";
				SWIFT_EMIT_LOC_STRINGS = YES;
				SWIFT_VERSION = 5.0;
				TARGETED_DEVICE_FAMILY = "1,2";
			};
			name = Release;
		};
		BF318212283E348400F080CF /* Debug */ = {
			isa = XCBuildConfiguration;
			buildSettings = {
				ALWAYS_EMBED_SWIFT_STANDARD_LIBRARIES = YES;
				BUNDLE_LOADER = "$(TEST_HOST)";
				CODE_SIGN_STYLE = Automatic;
				CURRENT_PROJECT_VERSION = 1;
				GENERATE_INFOPLIST_FILE = YES;
				IPHONEOS_DEPLOYMENT_TARGET = 15.5;
				MARKETING_VERSION = 1.0;
				PRODUCT_BUNDLE_IDENTIFIER = ramjunThunder.AutoLayoutTests;
				PRODUCT_NAME = "$(TARGET_NAME)";
				SWIFT_EMIT_LOC_STRINGS = NO;
				SWIFT_VERSION = 5.0;
				TARGETED_DEVICE_FAMILY = "1,2";
				TEST_HOST = "$(BUILT_PRODUCTS_DIR)/AutoLayout.app/AutoLayout";
			};
			name = Debug;
		};
		BF318213283E348400F080CF /* Release */ = {
			isa = XCBuildConfiguration;
			buildSettings = {
				ALWAYS_EMBED_SWIFT_STANDARD_LIBRARIES = YES;
				BUNDLE_LOADER = "$(TEST_HOST)";
				CODE_SIGN_STYLE = Automatic;
				CURRENT_PROJECT_VERSION = 1;
				GENERATE_INFOPLIST_FILE = YES;
				IPHONEOS_DEPLOYMENT_TARGET = 15.5;
				MARKETING_VERSION = 1.0;
				PRODUCT_BUNDLE_IDENTIFIER = ramjunThunder.AutoLayoutTests;
				PRODUCT_NAME = "$(TARGET_NAME)";
				SWIFT_EMIT_LOC_STRINGS = NO;
				SWIFT_VERSION = 5.0;
				TARGETED_DEVICE_FAMILY = "1,2";
				TEST_HOST = "$(BUILT_PRODUCTS_DIR)/AutoLayout.app/AutoLayout";
			};
			name = Release;
		};
		BF318215283E348400F080CF /* Debug */ = {
			isa = XCBuildConfiguration;
			buildSettings = {
				ALWAYS_EMBED_SWIFT_STANDARD_LIBRARIES = YES;
				CODE_SIGN_STYLE = Automatic;
				CURRENT_PROJECT_VERSION = 1;
				GENERATE_INFOPLIST_FILE = YES;
				MARKETING_VERSION = 1.0;
				PRODUCT_BUNDLE_IDENTIFIER = ramjunThunder.AutoLayoutUITests;
				PRODUCT_NAME = "$(TARGET_NAME)";
				SWIFT_EMIT_LOC_STRINGS = NO;
				SWIFT_VERSION = 5.0;
				TARGETED_DEVICE_FAMILY = "1,2";
				TEST_TARGET_NAME = AutoLayout;
			};
			name = Debug;
		};
		BF318216283E348400F080CF /* Release */ = {
			isa = XCBuildConfiguration;
			buildSettings = {
				ALWAYS_EMBED_SWIFT_STANDARD_LIBRARIES = YES;
				CODE_SIGN_STYLE = Automatic;
				CURRENT_PROJECT_VERSION = 1;
				GENERATE_INFOPLIST_FILE = YES;
				MARKETING_VERSION = 1.0;
				PRODUCT_BUNDLE_IDENTIFIER = ramjunThunder.AutoLayoutUITests;
				PRODUCT_NAME = "$(TARGET_NAME)";
				SWIFT_EMIT_LOC_STRINGS = NO;
				SWIFT_VERSION = 5.0;
				TARGETED_DEVICE_FAMILY = "1,2";
				TEST_TARGET_NAME = AutoLayout;
			};
			name = Release;
		};
/* End XCBuildConfiguration section */

/* Begin XCConfigurationList section */
		BF3181DF283E348200F080CF /* Build configuration list for PBXProject "AutoLayout" */ = {
			isa = XCConfigurationList;
			buildConfigurations = (
				BF31820C283E348400F080CF /* Debug */,
				BF31820D283E348400F080CF /* Release */,
			);
			defaultConfigurationIsVisible = 0;
			defaultConfigurationName = Release;
		};
		BF31820E283E348400F080CF /* Build configuration list for PBXNativeTarget "AutoLayout" */ = {
			isa = XCConfigurationList;
			buildConfigurations = (
				BF31820F283E348400F080CF /* Debug */,
				BF318210283E348400F080CF /* Release */,
			);
			defaultConfigurationIsVisible = 0;
			defaultConfigurationName = Release;
		};
		BF318211283E348400F080CF /* Build configuration list for PBXNativeTarget "AutoLayoutTests" */ = {
			isa = XCConfigurationList;
			buildConfigurations = (
				BF318212283E348400F080CF /* Debug */,
				BF318213283E348400F080CF /* Release */,
			);
			defaultConfigurationIsVisible = 0;
			defaultConfigurationName = Release;
		};
		BF318214283E348400F080CF /* Build configuration list for PBXNativeTarget "AutoLayoutUITests" */ = {
			isa = XCConfigurationList;
			buildConfigurations = (
				BF318215283E348400F080CF /* Debug */,
				BF318216283E348400F080CF /* Release */,
			);
			defaultConfigurationIsVisible = 0;
			defaultConfigurationName = Release;
		};
/* End XCConfigurationList section */
	};
	rootObject = BF3181DC283E348200F080CF /* Project object */;
}
